
Microsoft Visual Studio Solution File, Format Version 12.00
# Visual Studio Version 16
VisualStudioVersion = 16.0.31205.134
MinimumVisualStudioVersion = 10.0.40219.1
Project("{FAE04EC0-301F-11D3-BF4B-00C04F79EFBC}") = "ConsolseGenericPracticeCreate", "ConsolseGenericPracticeCreate.csproj", "{F81E96BF-430C-4499-95CC-C62F9CF888A6}"
EndProject
Global
	GlobalSection(SolutionConfigurationPlatforms) = preSolution
		Debug|Any CPU = Debug|Any CPU
		Release|Any CPU = Release|Any CPU
	EndGlobalSection
	GlobalSection(ProjectConfigurationPlatforms) = postSolution
		{F81E96BF-430C-4499-95CC-C62F9CF888A6}.Debug|Any CPU.ActiveCfg = Debug|Any CPU
		{F81E96BF-430C-4499-95CC-C62F9CF888A6}.Debug|Any CPU.Build.0 = Debug|Any CPU
		{F81E96BF-430C-4499-95CC-C62F9CF888A6}.Release|Any CPU.ActiveCfg = Release|Any CPU
		{F81E96BF-430C-4499-95CC-C62F9CF888A6}.Release|Any CPU.Build.0 = Release|Any CPU
	EndGlobalSection
	GlobalSection(SolutionProperties) = preSolution
		HideSolutionNode = FALSE
	EndGlobalSection
	GlobalSection(ExtensibilityGlobals) = postSolution
		SolutionGuid = {BC5B7C6A-E8C4-46DC-98C4-BFAF43076E35}
	EndGlobalSection
EndGlobal
